
Microsoft Visual Studio Solution File, Format Version 12.00
# Visual Studio 15
VisualStudioVersion = 15.0.28307.329
MinimumVisualStudioVersion = 10.0.40219.1
Project("{FAE04EC0-301F-11D3-BF4B-00C04F79EFBC}") = "CowAuthServerApi", "CowAuthServerApi\CowAuthServerApi.csproj", "{B22DB99D-A969-4DF0-808D-8B4DA9A9B6E0}"
EndProject
Global
	GlobalSection(SolutionConfigurationPlatforms) = preSolution
		Debug|Any CPU = Debug|Any CPU
		Release|Any CPU = Release|Any CPU
	EndGlobalSection
	GlobalSection(ProjectConfigurationPlatforms) = postSolution
		{B22DB99D-A969-4DF0-808D-8B4DA9A9B6E0}.Debug|Any CPU.ActiveCfg = Debug|Any CPU
		{B22DB99D-A969-4DF0-808D-8B4DA9A9B6E0}.Debug|Any CPU.Build.0 = Debug|Any CPU
		{B22DB99D-A969-4DF0-808D-8B4DA9A9B6E0}.Release|Any CPU.ActiveCfg = Release|Any CPU
		{B22DB99D-A969-4DF0-808D-8B4DA9A9B6E0}.Release|Any CPU.Build.0 = Release|Any CPU
	EndGlobalSection
	GlobalSection(SolutionProperties) = preSolution
		HideSolutionNode = FALSE
	EndGlobalSection
	GlobalSection(ExtensibilityGlobals) = postSolution
		SolutionGuid = {6655F22D-1C5A-45F5-89DC-08B143AC4DED}
	EndGlobalSection
EndGlobal
